
Microsoft Visual Studio Solution File, Format Version 11.00
# Visual Studio 2010
Project("{FAE04EC0-301F-11D3-BF4B-00C04F79EFBC}") = "LaBombe", "Assembly-CSharp.csproj", "{E5BBA22A-7889-74BD-B2E1-C58450E8CF2A}"
EndProject
Project("{FAE04EC0-301F-11D3-BF4B-00C04F79EFBC}") = "LaBombe", "Assembly-CSharp-firstpass.csproj", "{14FAEF24-D758-A6C7-77E6-53CCA6E3DC68}"
EndProject
Global
	GlobalSection(SolutionConfigurationPlatforms) = preSolution
		Debug|Any CPU = Debug|Any CPU
		Release|Any CPU = Release|Any CPU
	EndGlobalSection
	GlobalSection(ProjectConfigurationPlatforms) = postSolution
		{E5BBA22A-7889-74BD-B2E1-C58450E8CF2A}.Debug|Any CPU.ActiveCfg = Debug|Any CPU
		{E5BBA22A-7889-74BD-B2E1-C58450E8CF2A}.Debug|Any CPU.Build.0 = Debug|Any CPU
		{E5BBA22A-7889-74BD-B2E1-C58450E8CF2A}.Release|Any CPU.ActiveCfg = Release|Any CPU
		{E5BBA22A-7889-74BD-B2E1-C58450E8CF2A}.Release|Any CPU.Build.0 = Release|Any CPU
		{14FAEF24-D758-A6C7-77E6-53CCA6E3DC68}.Debug|Any CPU.ActiveCfg = Debug|Any CPU
		{14FAEF24-D758-A6C7-77E6-53CCA6E3DC68}.Debug|Any CPU.Build.0 = Debug|Any CPU
		{14FAEF24-D758-A6C7-77E6-53CCA6E3DC68}.Release|Any CPU.ActiveCfg = Release|Any CPU
		{14FAEF24-D758-A6C7-77E6-53CCA6E3DC68}.Release|Any CPU.Build.0 = Release|Any CPU
	EndGlobalSection
	GlobalSection(SolutionProperties) = preSolution
		HideSolutionNode = FALSE
	EndGlobalSection
	GlobalSection(MonoDevelopProperties) = preSolution
		StartupItem = Assembly-CSharp.csproj
	EndGlobalSection
EndGlobal
