
Microsoft Visual Studio Solution File, Format Version 11.00
# Visual Studio 2010
Project("{FAE04EC0-301F-11D3-BF4B-00C04F79EFBC}") = "Phone", "Assembly-CSharp-firstpass.csproj", "{0710A01A-AD41-ABE5-2EDA-915E0B8652BF}"
EndProject
Project("{FAE04EC0-301F-11D3-BF4B-00C04F79EFBC}") = "Phone", "Assembly-CSharp.csproj", "{0F03D21B-F257-9B62-E224-768BFC838BBD}"
EndProject
Global
	GlobalSection(SolutionConfigurationPlatforms) = preSolution
		Debug|Any CPU = Debug|Any CPU
		Release|Any CPU = Release|Any CPU
	EndGlobalSection
	GlobalSection(ProjectConfigurationPlatforms) = postSolution
		{0710A01A-AD41-ABE5-2EDA-915E0B8652BF}.Debug|Any CPU.ActiveCfg = Debug|Any CPU
		{0710A01A-AD41-ABE5-2EDA-915E0B8652BF}.Debug|Any CPU.Build.0 = Debug|Any CPU
		{0710A01A-AD41-ABE5-2EDA-915E0B8652BF}.Release|Any CPU.ActiveCfg = Release|Any CPU
		{0710A01A-AD41-ABE5-2EDA-915E0B8652BF}.Release|Any CPU.Build.0 = Release|Any CPU
		{0F03D21B-F257-9B62-E224-768BFC838BBD}.Debug|Any CPU.ActiveCfg = Debug|Any CPU
		{0F03D21B-F257-9B62-E224-768BFC838BBD}.Debug|Any CPU.Build.0 = Debug|Any CPU
		{0F03D21B-F257-9B62-E224-768BFC838BBD}.Release|Any CPU.ActiveCfg = Release|Any CPU
		{0F03D21B-F257-9B62-E224-768BFC838BBD}.Release|Any CPU.Build.0 = Release|Any CPU
	EndGlobalSection
	GlobalSection(SolutionProperties) = preSolution
		HideSolutionNode = FALSE
	EndGlobalSection
	GlobalSection(MonoDevelopProperties) = preSolution
		StartupItem = Assembly-CSharp.csproj
	EndGlobalSection
EndGlobal
